{
  "name": "@webcarrot/router-match",
  "version": "1.0.0",
  "lockfileVersion": 1,
  "requires": true,
  "dependencies": {
    "@types/prop-types": {
      "version": "15.7.1",
      "resolved": "https://registry.npmjs.org/@types/prop-types/-/prop-types-15.7.1.tgz",
      "integrity": "sha512-CFzn9idOEpHrgdw8JsoTkaDDyRWk1jrzIV8djzcgpq0y9tG4B4lFT+Nxh52DVpDXV+n4+NPNv7M1Dj5uMp6XFg==",
      "dev": true
    },
    "@types/react": {
      "version": "16.8.24",
      "resolved": "https://registry.npmjs.org/@types/react/-/react-16.8.24.tgz",
      "integrity": "sha512-VpFHUoD37YNY2+lr/+c7qL/tZsIU/bKuskUF3tmGUArbxIcQdb5j3zvo4cuuzu2A6UaVmVn7sJ4PgWYNFEBGzg==",
      "dev": true,
      "requires": {
        "@types/prop-types": "*",
        "csstype": "^2.2.0"
      }
    },
    "@webcarrot/copy-declaration-ts": {
      "version": "1.0.0",
      "resolved": "https://registry.npmjs.org/@webcarrot/copy-declaration-ts/-/copy-declaration-ts-1.0.0.tgz",
      "integrity": "sha512-sXo1cCLBshtBHRsDjpwm4Ye1C8eRI5a3qTCS3dWvTSNX18zESoX9TQ/a5bvtErQcS77M8qum1pLNaP20vqzOiQ==",
      "dev": true
    },
    "@webcarrot/router": {
      "version": "1.0.2",
      "resolved": "https://registry.npmjs.org/@webcarrot/router/-/router-1.0.2.tgz",
      "integrity": "sha512-lvyZ86sYH8uvlxmTrgq9ImD7Q080TqyJ21myQP3XtIg4LsAsm/Bpt+dOaT0GHQz12BGT5votsiKzh5OFzecWwg==",
      "dev": true
    },
    "csstype": {
      "version": "2.6.6",
      "resolved": "https://registry.npmjs.org/csstype/-/csstype-2.6.6.tgz",
      "integrity": "sha512-RpFbQGUE74iyPgvr46U9t1xoQBM8T4BL8SxrN66Le2xYAPSaDJJKeztV3awugusb3g3G9iL8StmkBBXhcbbXhg==",
      "dev": true
    },
    "path-to-regexp": {
      "version": "3.0.0",
      "resolved": "https://registry.npmjs.org/path-to-regexp/-/path-to-regexp-3.0.0.tgz",
      "integrity": "sha512-ZOtfhPttCrqp2M1PBBH4X13XlvnfhIwD7yCLx+GoGoXRPQyxGOTdQMpIzPSPKXAJT/JQrdfFrgdJOyAzvgpQ9A==",
      "dev": true
    },
    "typescript": {
      "version": "3.5.3",
      "resolved": "https://registry.npmjs.org/typescript/-/typescript-3.5.3.tgz",
      "integrity": "sha512-ACzBtm/PhXBDId6a6sDJfroT2pOWt/oOnk4/dElG5G33ZL776N3Y6/6bKZJBFpd+b05F3Ct9qDjMeJmRWtE2/g==",
      "dev": true
    }
  }
}
