{
  "name": "@webcarrot/router-match",
  "version": "1.0.0",
  "lockfileVersion": 1,
  "requires": true,
  "dependencies": {
    "@types/prop-types": {
      "version": "15.7.2",
      "resolved": "https://registry.npmjs.org/@types/prop-types/-/prop-types-15.7.2.tgz",
      "integrity": "sha512-f8JzJNWVhKtc9dg/dyDNfliTKNOJSLa7Oht/ElZdF/UbMUmAH3rLmAk3ODNjw0mZajDEgatA03tRjB4+Dp/tzA==",
      "dev": true
    },
    "@types/react": {
      "version": "16.9.2",
      "resolved": "https://registry.npmjs.org/@types/react/-/react-16.9.2.tgz",
      "integrity": "sha512-jYP2LWwlh+FTqGd9v7ynUKZzjj98T8x7Yclz479QdRhHfuW9yQ+0jjnD31eXSXutmBpppj5PYNLYLRfnZJvcfg==",
      "dev": true,
      "requires": {
        "@types/prop-types": "*",
        "csstype": "^2.2.0"
      }
    },
    "@webcarrot/copy-declaration-ts": {
      "version": "1.0.0",
      "resolved": "https://registry.npmjs.org/@webcarrot/copy-declaration-ts/-/copy-declaration-ts-1.0.0.tgz",
      "integrity": "sha512-sXo1cCLBshtBHRsDjpwm4Ye1C8eRI5a3qTCS3dWvTSNX18zESoX9TQ/a5bvtErQcS77M8qum1pLNaP20vqzOiQ==",
      "dev": true
    },
    "@webcarrot/router": {
      "version": "1.1.2",
      "resolved": "https://registry.npmjs.org/@webcarrot/router/-/router-1.1.2.tgz",
      "integrity": "sha512-vG/tgTpdg8fabG22DE1S5AbNRkeQTf0XDMJVtZM/FTjNFmNRvLksFkVpUO3NLE26oU/9BZzCd3zO+dmFbJPHqw==",
      "dev": true
    },
    "csstype": {
      "version": "2.6.6",
      "resolved": "https://registry.npmjs.org/csstype/-/csstype-2.6.6.tgz",
      "integrity": "sha512-RpFbQGUE74iyPgvr46U9t1xoQBM8T4BL8SxrN66Le2xYAPSaDJJKeztV3awugusb3g3G9iL8StmkBBXhcbbXhg==",
      "dev": true
    },
    "path-to-regexp": {
      "version": "3.1.0",
      "resolved": "https://registry.npmjs.org/path-to-regexp/-/path-to-regexp-3.1.0.tgz",
      "integrity": "sha512-PtHLisEvUOepjc+sStXxJ/pDV/s5UBTOKWJY2SOz3e6E/iN/jLknY9WL72kTwRrwXDUbZTEAtSnJbz2fF127DA==",
      "dev": true
    },
    "typescript": {
      "version": "3.6.2",
      "resolved": "https://registry.npmjs.org/typescript/-/typescript-3.6.2.tgz",
      "integrity": "sha512-lmQ4L+J6mnu3xweP8+rOrUwzmN+MRAj7TgtJtDaXE5PMyX2kCrklhg3rvOsOIfNeAWMQWO2F1GPc1kMD2vLAfw==",
      "dev": true
    }
  }
}
